// !$*UTF8*$!
{
	archiveVersion = 1;
	classes = {
	};
	objectVersion = 46;
	objects = {

/* Begin PBXBuildFile section */
		5950B1D3190D41F7000E5767 /* MultipeerConnectivity.framework in Frameworks */ = {isa = PBXBuildFile; fileRef = 5950B1D2190D41F7000E5767 /* MultipeerConnectivity.framework */; };
		5950B1DD190D5516000E5767 /* VCControllerClient.m in Sources */ = {isa = PBXBuildFile; fileRef = 5950B1DC190D5516000E5767 /* VCControllerClient.m */; };
		596FBB8218BE2DB000367E4E /* Foundation.framework in Frameworks */ = {isa = PBXBuildFile; fileRef = 596FBB8118BE2DB000367E4E /* Foundation.framework */; };
		596FBB8418BE2DB000367E4E /* CoreGraphics.framework in Frameworks */ = {isa = PBXBuildFile; fileRef = 596FBB8318BE2DB000367E4E /* CoreGraphics.framework */; };
		596FBB8618BE2DB000367E4E /* UIKit.framework in Frameworks */ = {isa = PBXBuildFile; fileRef = 596FBB8518BE2DB000367E4E /* UIKit.framework */; };
		596FBB8C18BE2DB000367E4E /* InfoPlist.strings in Resources */ = {isa = PBXBuildFile; fileRef = 596FBB8A18BE2DB000367E4E /* InfoPlist.strings */; };
		596FBB8E18BE2DB000367E4E /* main.m in Sources */ = {isa = PBXBuildFile; fileRef = 596FBB8D18BE2DB000367E4E /* main.m */; };
		596FBB9218BE2DB000367E4E /* VCAppDelegate.m in Sources */ = {isa = PBXBuildFile; fileRef = 596FBB9118BE2DB000367E4E /* VCAppDelegate.m */; };
		596FBB9518BE2DB000367E4E /* Main.storyboard in Resources */ = {isa = PBXBuildFile; fileRef = 596FBB9318BE2DB000367E4E /* Main.storyboard */; };
		596FBB9818BE2DB000367E4E /* VCViewController.m in Sources */ = {isa = PBXBuildFile; fileRef = 596FBB9718BE2DB000367E4E /* VCViewController.m */; };
		596FBB9A18BE2DB000367E4E /* Images.xcassets in Resources */ = {isa = PBXBuildFile; fileRef = 596FBB9918BE2DB000367E4E /* Images.xcassets */; };
		596FBBA118BE2DB000367E4E /* XCTest.framework in Frameworks */ = {isa = PBXBuildFile; fileRef = 596FBBA018BE2DB000367E4E /* XCTest.framework */; };
		596FBBA218BE2DB000367E4E /* Foundation.framework in Frameworks */ = {isa = PBXBuildFile; fileRef = 596FBB8118BE2DB000367E4E /* Foundation.framework */; };
		596FBBA318BE2DB000367E4E /* UIKit.framework in Frameworks */ = {isa = PBXBuildFile; fileRef = 596FBB8518BE2DB000367E4E /* UIKit.framework */; };
		596FBBAB18BE2DB000367E4E /* InfoPlist.strings in Resources */ = {isa = PBXBuildFile; fileRef = 596FBBA918BE2DB000367E4E /* InfoPlist.strings */; };
		596FBBAD18BE2DB000367E4E /* Vagiosity_ControllerTests.m in Sources */ = {isa = PBXBuildFile; fileRef = 596FBBAC18BE2DB000367E4E /* Vagiosity_ControllerTests.m */; };
/* End PBXBuildFile section */

/* Begin PBXContainerItemProxy section */
		596FBBA418BE2DB000367E4E /* PBXContainerItemProxy */ = {
			isa = PBXContainerItemProxy;
			containerPortal = 596FBB7618BE2DB000367E4E /* Project object */;
			proxyType = 1;
			remoteGlobalIDString = 596FBB7D18BE2DB000367E4E;
			remoteInfo = "Vagiosity-Controller";
		};
/* End PBXContainerItemProxy section */

/* Begin PBXFileReference section */
		5950B1D2190D41F7000E5767 /* MultipeerConnectivity.framework */ = {isa = PBXFileReference; lastKnownFileType = wrapper.framework; name = MultipeerConnectivity.framework; path = System/Library/Frameworks/MultipeerConnectivity.framework; sourceTree = SDKROOT; };
		5950B1DB190D5516000E5767 /* VCControllerClient.h */ = {isa = PBXFileReference; fileEncoding = 4; lastKnownFileType = sourcecode.c.h; path = VCControllerClient.h; sourceTree = "<group>"; };
		5950B1DC190D5516000E5767 /* VCControllerClient.m */ = {isa = PBXFileReference; fileEncoding = 4; lastKnownFileType = sourcecode.c.objc; path = VCControllerClient.m; sourceTree = "<group>"; };
		596FBB7E18BE2DB000367E4E /* Vagiosity-Controller.app */ = {isa = PBXFileReference; explicitFileType = wrapper.application; includeInIndex = 0; path = "Vagiosity-Controller.app"; sourceTree = BUILT_PRODUCTS_DIR; };
		596FBB8118BE2DB000367E4E /* Foundation.framework */ = {isa = PBXFileReference; lastKnownFileType = wrapper.framework; name = Foundation.framework; path = System/Library/Frameworks/Foundation.framework; sourceTree = SDKROOT; };
		596FBB8318BE2DB000367E4E /* CoreGraphics.framework */ = {isa = PBXFileReference; lastKnownFileType = wrapper.framework; name = CoreGraphics.framework; path = System/Library/Frameworks/CoreGraphics.framework; sourceTree = SDKROOT; };
		596FBB8518BE2DB000367E4E /* UIKit.framework */ = {isa = PBXFileReference; lastKnownFileType = wrapper.framework; name = UIKit.framework; path = System/Library/Frameworks/UIKit.framework; sourceTree = SDKROOT; };
		596FBB8918BE2DB000367E4E /* Vagiosity-Controller-Info.plist */ = {isa = PBXFileReference; lastKnownFileType = text.plist.xml; path = "Vagiosity-Controller-Info.plist"; sourceTree = "<group>"; };
		596FBB8B18BE2DB000367E4E /* en */ = {isa = PBXFileReference; lastKnownFileType = text.plist.strings; name = en; path = en.lproj/InfoPlist.strings; sourceTree = "<group>"; };
		596FBB8D18BE2DB000367E4E /* main.m */ = {isa = PBXFileReference; lastKnownFileType = sourcecode.c.objc; path = main.m; sourceTree = "<group>"; };
		596FBB8F18BE2DB000367E4E /* Vagiosity-Controller-Prefix.pch */ = {isa = PBXFileReference; lastKnownFileType = sourcecode.c.h; path = "Vagiosity-Controller-Prefix.pch"; sourceTree = "<group>"; };
		596FBB9018BE2DB000367E4E /* VCAppDelegate.h */ = {isa = PBXFileReference; lastKnownFileType = sourcecode.c.h; path = VCAppDelegate.h; sourceTree = "<group>"; };
		596FBB9118BE2DB000367E4E /* VCAppDelegate.m */ = {isa = PBXFileReference; lastKnownFileType = sourcecode.c.objc; path = VCAppDelegate.m; sourceTree = "<group>"; };
		596FBB9418BE2DB000367E4E /* Base */ = {isa = PBXFileReference; lastKnownFileType = file.storyboard; name = Base; path = Base.lproj/Main.storyboard; sourceTree = "<group>"; };
		596FBB9618BE2DB000367E4E /* VCViewController.h */ = {isa = PBXFileReference; lastKnownFileType = sourcecode.c.h; path = VCViewController.h; sourceTree = "<group>"; };
		596FBB9718BE2DB000367E4E /* VCViewController.m */ = {isa = PBXFileReference; lastKnownFileType = sourcecode.c.objc; path = VCViewController.m; sourceTree = "<group>"; };
		596FBB9918BE2DB000367E4E /* Images.xcassets */ = {isa = PBXFileReference; lastKnownFileType = folder.assetcatalog; path = Images.xcassets; sourceTree = "<group>"; };
		596FBB9F18BE2DB000367E4E /* Vagiosity-ControllerTests.xctest */ = {isa = PBXFileReference; explicitFileType = wrapper.cfbundle; includeInIndex = 0; path = "Vagiosity-ControllerTests.xctest"; sourceTree = BUILT_PRODUCTS_DIR; };
		596FBBA018BE2DB000367E4E /* XCTest.framework */ = {isa = PBXFileReference; lastKnownFileType = wrapper.framework; name = XCTest.framework; path = Library/Frameworks/XCTest.framework; sourceTree = DEVELOPER_DIR; };
		596FBBA818BE2DB000367E4E /* Vagiosity-ControllerTests-Info.plist */ = {isa = PBXFileReference; lastKnownFileType = text.plist.xml; path = "Vagiosity-ControllerTests-Info.plist"; sourceTree = "<group>"; };
		596FBBAA18BE2DB000367E4E /* en */ = {isa = PBXFileReference; lastKnownFileType = text.plist.strings; name = en; path = en.lproj/InfoPlist.strings; sourceTree = "<group>"; };
		596FBBAC18BE2DB000367E4E /* Vagiosity_ControllerTests.m */ = {isa = PBXFileReference; lastKnownFileType = sourcecode.c.objc; path = Vagiosity_ControllerTests.m; sourceTree = "<group>"; };
/* End PBXFileReference section */

/* Begin PBXFrameworksBuildPhase section */
		596FBB7B18BE2DB000367E4E /* Frameworks */ = {
			isa = PBXFrameworksBuildPhase;
			buildActionMask = 2147483647;
			files = (
				5950B1D3190D41F7000E5767 /* MultipeerConnectivity.framework in Frameworks */,
				596FBB8418BE2DB000367E4E /* CoreGraphics.framework in Frameworks */,
				596FBB8618BE2DB000367E4E /* UIKit.framework in Frameworks */,
				596FBB8218BE2DB000367E4E /* Foundation.framework in Frameworks */,
			);
			runOnlyForDeploymentPostprocessing = 0;
		};
		596FBB9C18BE2DB000367E4E /* Frameworks */ = {
			isa = PBXFrameworksBuildPhase;
			buildActionMask = 2147483647;
			files = (
				596FBBA118BE2DB000367E4E /* XCTest.framework in Frameworks */,
				596FBBA318BE2DB000367E4E /* UIKit.framework in Frameworks */,
				596FBBA218BE2DB000367E4E /* Foundation.framework in Frameworks */,
			);
			runOnlyForDeploymentPostprocessing = 0;
		};
/* End PBXFrameworksBuildPhase section */

/* Begin PBXGroup section */
		5950B1D4190D4E81000E5767 /* Connectivity */ = {
			isa = PBXGroup;
			children = (
				5950B1DB190D5516000E5767 /* VCControllerClient.h */,
				5950B1DC190D5516000E5767 /* VCControllerClient.m */,
			);
			name = Connectivity;
			sourceTree = "<group>";
		};
		596FBB7518BE2DB000367E4E = {
			isa = PBXGroup;
			children = (
				596FBB8718BE2DB000367E4E /* Vagiosity-Controller */,
				596FBBA618BE2DB000367E4E /* Vagiosity-ControllerTests */,
				596FBB8018BE2DB000367E4E /* Frameworks */,
				596FBB7F18BE2DB000367E4E /* Products */,
			);
			sourceTree = "<group>";
		};
		596FBB7F18BE2DB000367E4E /* Products */ = {
			isa = PBXGroup;
			children = (
				596FBB7E18BE2DB000367E4E /* Vagiosity-Controller.app */,
				596FBB9F18BE2DB000367E4E /* Vagiosity-ControllerTests.xctest */,
			);
			name = Products;
			sourceTree = "<group>";
		};
		596FBB8018BE2DB000367E4E /* Frameworks */ = {
			isa = PBXGroup;
			children = (
				5950B1D2190D41F7000E5767 /* MultipeerConnectivity.framework */,
				596FBB8118BE2DB000367E4E /* Foundation.framework */,
				596FBB8318BE2DB000367E4E /* CoreGraphics.framework */,
				596FBB8518BE2DB000367E4E /* UIKit.framework */,
				596FBBA018BE2DB000367E4E /* XCTest.framework */,
			);
			name = Frameworks;
			sourceTree = "<group>";
		};
		596FBB8718BE2DB000367E4E /* Vagiosity-Controller */ = {
			isa = PBXGroup;
			children = (
				5950B1D4190D4E81000E5767 /* Connectivity */,
				596FBB9018BE2DB000367E4E /* VCAppDelegate.h */,
				596FBB9118BE2DB000367E4E /* VCAppDelegate.m */,
				596FBB9318BE2DB000367E4E /* Main.storyboard */,
				596FBB9618BE2DB000367E4E /* VCViewController.h */,
				596FBB9718BE2DB000367E4E /* VCViewController.m */,
				596FBB9918BE2DB000367E4E /* Images.xcassets */,
				596FBB8818BE2DB000367E4E /* Supporting Files */,
			);
			path = "Vagiosity-Controller";
			sourceTree = "<group>";
		};
		596FBB8818BE2DB000367E4E /* Supporting Files */ = {
			isa = PBXGroup;
			children = (
				596FBB8918BE2DB000367E4E /* Vagiosity-Controller-Info.plist */,
				596FBB8A18BE2DB000367E4E /* InfoPlist.strings */,
				596FBB8D18BE2DB000367E4E /* main.m */,
				596FBB8F18BE2DB000367E4E /* Vagiosity-Controller-Prefix.pch */,
			);
			name = "Supporting Files";
			sourceTree = "<group>";
		};
		596FBBA618BE2DB000367E4E /* Vagiosity-ControllerTests */ = {
			isa = PBXGroup;
			children = (
				596FBBAC18BE2DB000367E4E /* Vagiosity_ControllerTests.m */,
				596FBBA718BE2DB000367E4E /* Supporting Files */,
			);
			path = "Vagiosity-ControllerTests";
			sourceTree = "<group>";
		};
		596FBBA718BE2DB000367E4E /* Supporting Files */ = {
			isa = PBXGroup;
			children = (
				596FBBA818BE2DB000367E4E /* Vagiosity-ControllerTests-Info.plist */,
				596FBBA918BE2DB000367E4E /* InfoPlist.strings */,
			);
			name = "Supporting Files";
			sourceTree = "<group>";
		};
/* End PBXGroup section */

/* Begin PBXNativeTarget section */
		596FBB7D18BE2DB000367E4E /* Vagiosity-Controller */ = {
			isa = PBXNativeTarget;
			buildConfigurationList = 596FBBB018BE2DB000367E4E /* Build configuration list for PBXNativeTarget "Vagiosity-Controller" */;
			buildPhases = (
				596FBB7A18BE2DB000367E4E /* Sources */,
				596FBB7B18BE2DB000367E4E /* Frameworks */,
				596FBB7C18BE2DB000367E4E /* Resources */,
			);
			buildRules = (
			);
			dependencies = (
			);
			name = "Vagiosity-Controller";
			productName = "Vagiosity-Controller";
			productReference = 596FBB7E18BE2DB000367E4E /* Vagiosity-Controller.app */;
			productType = "com.apple.product-type.application";
		};
		596FBB9E18BE2DB000367E4E /* Vagiosity-ControllerTests */ = {
			isa = PBXNativeTarget;
			buildConfigurationList = 596FBBB318BE2DB000367E4E /* Build configuration list for PBXNativeTarget "Vagiosity-ControllerTests" */;
			buildPhases = (
				596FBB9B18BE2DB000367E4E /* Sources */,
				596FBB9C18BE2DB000367E4E /* Frameworks */,
				596FBB9D18BE2DB000367E4E /* Resources */,
			);
			buildRules = (
			);
			dependencies = (
				596FBBA518BE2DB000367E4E /* PBXTargetDependency */,
			);
			name = "Vagiosity-ControllerTests";
			productName = "Vagiosity-ControllerTests";
			productReference = 596FBB9F18BE2DB000367E4E /* Vagiosity-ControllerTests.xctest */;
			productType = "com.apple.product-type.bundle.unit-test";
		};
/* End PBXNativeTarget section */

/* Begin PBXProject section */
		596FBB7618BE2DB000367E4E /* Project object */ = {
			isa = PBXProject;
			attributes = {
				CLASSPREFIX = VC;
				LastUpgradeCheck = 0500;
				ORGANIZATIONNAME = Sibers;
				TargetAttributes = {
					596FBB7D18BE2DB000367E4E = {
						DevelopmentTeam = SUAWT97CSE;
					};
					596FBB9E18BE2DB000367E4E = {
						TestTargetID = 596FBB7D18BE2DB000367E4E;
					};
				};
			};
			buildConfigurationList = 596FBB7918BE2DB000367E4E /* Build configuration list for PBXProject "Vagiosity-Controller" */;
			compatibilityVersion = "Xcode 3.2";
			developmentRegion = English;
			hasScannedForEncodings = 0;
			knownRegions = (
				en,
				Base,
			);
			mainGroup = 596FBB7518BE2DB000367E4E;
			productRefGroup = 596FBB7F18BE2DB000367E4E /* Products */;
			projectDirPath = "";
			projectRoot = "";
			targets = (
				596FBB7D18BE2DB000367E4E /* Vagiosity-Controller */,
				596FBB9E18BE2DB000367E4E /* Vagiosity-ControllerTests */,
			);
		};
/* End PBXProject section */

/* Begin PBXResourcesBuildPhase section */
		596FBB7C18BE2DB000367E4E /* Resources */ = {
			isa = PBXResourcesBuildPhase;
			buildActionMask = 2147483647;
			files = (
				596FBB9A18BE2DB000367E4E /* Images.xcassets in Resources */,
				596FBB8C18BE2DB000367E4E /* InfoPlist.strings in Resources */,
				596FBB9518BE2DB000367E4E /* Main.storyboard in Resources */,
			);
			runOnlyForDeploymentPostprocessing = 0;
		};
		596FBB9D18BE2DB000367E4E /* Resources */ = {
			isa = PBXResourcesBuildPhase;
			buildActionMask = 2147483647;
			files = (
				596FBBAB18BE2DB000367E4E /* InfoPlist.strings in Resources */,
			);
			runOnlyForDeploymentPostprocessing = 0;
		};
/* End PBXResourcesBuildPhase section */

/* Begin PBXSourcesBuildPhase section */
		596FBB7A18BE2DB000367E4E /* Sources */ = {
			isa = PBXSourcesBuildPhase;
			buildActionMask = 2147483647;
			files = (
				596FBB8E18BE2DB000367E4E /* main.m in Sources */,
				596FBB9818BE2DB000367E4E /* VCViewController.m in Sources */,
				596FBB9218BE2DB000367E4E /* VCAppDelegate.m in Sources */,
				5950B1DD190D5516000E5767 /* VCControllerClient.m in Sources */,
			);
			runOnlyForDeploymentPostprocessing = 0;
		};
		596FBB9B18BE2DB000367E4E /* Sources */ = {
			isa = PBXSourcesBuildPhase;
			buildActionMask = 2147483647;
			files = (
				596FBBAD18BE2DB000367E4E /* Vagiosity_ControllerTests.m in Sources */,
			);
			runOnlyForDeploymentPostprocessing = 0;
		};
/* End PBXSourcesBuildPhase section */

/* Begin PBXTargetDependency section */
		596FBBA518BE2DB000367E4E /* PBXTargetDependency */ = {
			isa = PBXTargetDependency;
			target = 596FBB7D18BE2DB000367E4E /* Vagiosity-Controller */;
			targetProxy = 596FBBA418BE2DB000367E4E /* PBXContainerItemProxy */;
		};
/* End PBXTargetDependency section */

/* Begin PBXVariantGroup section */
		596FBB8A18BE2DB000367E4E /* InfoPlist.strings */ = {
			isa = PBXVariantGroup;
			children = (
				596FBB8B18BE2DB000367E4E /* en */,
			);
			name = InfoPlist.strings;
			sourceTree = "<group>";
		};
		596FBB9318BE2DB000367E4E /* Main.storyboard */ = {
			isa = PBXVariantGroup;
			children = (
				596FBB9418BE2DB000367E4E /* Base */,
			);
			name = Main.storyboard;
			sourceTree = "<group>";
		};
		596FBBA918BE2DB000367E4E /* InfoPlist.strings */ = {
			isa = PBXVariantGroup;
			children = (
				596FBBAA18BE2DB000367E4E /* en */,
			);
			name = InfoPlist.strings;
			sourceTree = "<group>";
		};
/* End PBXVariantGroup section */

/* Begin XCBuildConfiguration section */
		596FBBAE18BE2DB000367E4E /* Debug */ = {
			isa = XCBuildConfiguration;
			buildSettings = {
				ALWAYS_SEARCH_USER_PATHS = NO;
				ARCHS = "$(ARCHS_STANDARD_INCLUDING_64_BIT)";
				CLANG_CXX_LANGUAGE_STANDARD = "gnu++0x";
				CLANG_CXX_LIBRARY = "libc++";
				CLANG_ENABLE_MODULES = YES;
				CLANG_ENABLE_OBJC_ARC = YES;
				CLANG_WARN_BOOL_CONVERSION = YES;
				CLANG_WARN_CONSTANT_CONVERSION = YES;
				CLANG_WARN_DIRECT_OBJC_ISA_USAGE = YES_ERROR;
				CLANG_WARN_EMPTY_BODY = YES;
				CLANG_WARN_ENUM_CONVERSION = YES;
				CLANG_WARN_INT_CONVERSION = YES;
				CLANG_WARN_OBJC_ROOT_CLASS = YES_ERROR;
				CLANG_WARN__DUPLICATE_METHOD_MATCH = YES;
				"CODE_SIGN_IDENTITY[sdk=iphoneos*]" = "iPhone Developer";
				COPY_PHASE_STRIP = NO;
				GCC_C_LANGUAGE_STANDARD = gnu99;
				GCC_DYNAMIC_NO_PIC = NO;
				GCC_OPTIMIZATION_LEVEL = 0;
				GCC_PREPROCESSOR_DEFINITIONS = (
					"DEBUG=1",
					"$(inherited)",
				);
				GCC_SYMBOLS_PRIVATE_EXTERN = NO;
				GCC_WARN_64_TO_32_BIT_CONVERSION = YES;
				GCC_WARN_ABOUT_RETURN_TYPE = YES_ERROR;
				GCC_WARN_UNDECLARED_SELECTOR = YES;
				GCC_WARN_UNINITIALIZED_AUTOS = YES;
				GCC_WARN_UNUSED_FUNCTION = YES;
				GCC_WARN_UNUSED_VARIABLE = YES;
				IPHONEOS_DEPLOYMENT_TARGET = 7.0;
				ONLY_ACTIVE_ARCH = YES;
				SDKROOT = iphoneos;
			};
			name = Debug;
		};
		596FBBAF18BE2DB000367E4E /* Release */ = {
			isa = XCBuildConfiguration;
			buildSettings = {
				ALWAYS_SEARCH_USER_PATHS = NO;
				ARCHS = "$(ARCHS_STANDARD_INCLUDING_64_BIT)";
				CLANG_CXX_LANGUAGE_STANDARD = "gnu++0x";
				CLANG_CXX_LIBRARY = "libc++";
				CLANG_ENABLE_MODULES = YES;
				CLANG_ENABLE_OBJC_ARC = YES;
				CLANG_WARN_BOOL_CONVERSION = YES;
				CLANG_WARN_CONSTANT_CONVERSION = YES;
				CLANG_WARN_DIRECT_OBJC_ISA_USAGE = YES_ERROR;
				CLANG_WARN_EMPTY_BODY = YES;
				CLANG_WARN_ENUM_CONVERSION = YES;
				CLANG_WARN_INT_CONVERSION = YES;
				CLANG_WARN_OBJC_ROOT_CLASS = YES_ERROR;
				CLANG_WARN__DUPLICATE_METHOD_MATCH = YES;
				"CODE_SIGN_IDENTITY[sdk=iphoneos*]" = "iPhone Developer";
				COPY_PHASE_STRIP = YES;
				ENABLE_NS_ASSERTIONS = NO;
				GCC_C_LANGUAGE_STANDARD = gnu99;
				GCC_WARN_64_TO_32_BIT_CONVERSION = YES;
				GCC_WARN_ABOUT_RETURN_TYPE = YES_ERROR;
				GCC_WARN_UNDECLARED_SELECTOR = YES;
				GCC_WARN_UNINITIALIZED_AUTOS = YES;
				GCC_WARN_UNUSED_FUNCTION = YES;
				GCC_WARN_UNUSED_VARIABLE = YES;
				IPHONEOS_DEPLOYMENT_TARGET = 7.0;
				SDKROOT = iphoneos;
				VALIDATE_PRODUCT = YES;
			};
			name = Release;
		};
		596FBBB118BE2DB000367E4E /* Debug */ = {
			isa = XCBuildConfiguration;
			buildSettings = {
				ASSETCATALOG_COMPILER_APPICON_NAME = AppIcon;
				ASSETCATALOG_COMPILER_LAUNCHIMAGE_NAME = LaunchImage;
				CODE_SIGN_IDENTITY = "iPhone Developer";
				GCC_PRECOMPILE_PREFIX_HEADER = YES;
				GCC_PREFIX_HEADER = "Vagiosity-Controller/Vagiosity-Controller-Prefix.pch";
				INFOPLIST_FILE = "Vagiosity-Controller/Vagiosity-Controller-Info.plist";
				PRODUCT_NAME = "$(TARGET_NAME)";
				WRAPPER_EXTENSION = app;
			};
			name = Debug;
		};
		596FBBB218BE2DB000367E4E /* Release */ = {
			isa = XCBuildConfiguration;
			buildSettings = {
				ASSETCATALOG_COMPILER_APPICON_NAME = AppIcon;
				ASSETCATALOG_COMPILER_LAUNCHIMAGE_NAME = LaunchImage;
				CODE_SIGN_IDENTITY = "iPhone Developer";
				GCC_PRECOMPILE_PREFIX_HEADER = YES;
				GCC_PREFIX_HEADER = "Vagiosity-Controller/Vagiosity-Controller-Prefix.pch";
				INFOPLIST_FILE = "Vagiosity-Controller/Vagiosity-Controller-Info.plist";
				PRODUCT_NAME = "$(TARGET_NAME)";
				WRAPPER_EXTENSION = app;
			};
			name = Release;
		};
		596FBBB418BE2DB000367E4E /* Debug */ = {
			isa = XCBuildConfiguration;
			buildSettings = {
				ARCHS = "$(ARCHS_STANDARD_INCLUDING_64_BIT)";
				BUNDLE_LOADER = "$(BUILT_PRODUCTS_DIR)/Vagiosity-Controller.app/Vagiosity-Controller";
				FRAMEWORK_SEARCH_PATHS = (
					"$(SDKROOT)/Developer/Library/Frameworks",
					"$(inherited)",
					"$(DEVELOPER_FRAMEWORKS_DIR)",
				);
				GCC_PRECOMPILE_PREFIX_HEADER = YES;
				GCC_PREFIX_HEADER = "Vagiosity-Controller/Vagiosity-Controller-Prefix.pch";
				GCC_PREPROCESSOR_DEFINITIONS = (
					"DEBUG=1",
					"$(inherited)",
				);
				INFOPLIST_FILE = "Vagiosity-ControllerTests/Vagiosity-ControllerTests-Info.plist";
				PRODUCT_NAME = "$(TARGET_NAME)";
				TEST_HOST = "$(BUNDLE_LOADER)";
				WRAPPER_EXTENSION = xctest;
			};
			name = Debug;
		};
		596FBBB518BE2DB000367E4E /* Release */ = {
			isa = XCBuildConfiguration;
			buildSettings = {
				ARCHS = "$(ARCHS_STANDARD_INCLUDING_64_BIT)";
				BUNDLE_LOADER = "$(BUILT_PRODUCTS_DIR)/Vagiosity-Controller.app/Vagiosity-Controller";
				FRAMEWORK_SEARCH_PATHS = (
					"$(SDKROOT)/Developer/Library/Frameworks",
					"$(inherited)",
					"$(DEVELOPER_FRAMEWORKS_DIR)",
				);
				GCC_PRECOMPILE_PREFIX_HEADER = YES;
				GCC_PREFIX_HEADER = "Vagiosity-Controller/Vagiosity-Controller-Prefix.pch";
				INFOPLIST_FILE = "Vagiosity-ControllerTests/Vagiosity-ControllerTests-Info.plist";
				PRODUCT_NAME = "$(TARGET_NAME)";
				TEST_HOST = "$(BUNDLE_LOADER)";
				WRAPPER_EXTENSION = xctest;
			};
			name = Release;
		};
/* End XCBuildConfiguration section */

/* Begin XCConfigurationList section */
		596FBB7918BE2DB000367E4E /* Build configuration list for PBXProject "Vagiosity-Controller" */ = {
			isa = XCConfigurationList;
			buildConfigurations = (
				596FBBAE18BE2DB000367E4E /* Debug */,
				596FBBAF18BE2DB000367E4E /* Release */,
			);
			defaultConfigurationIsVisible = 0;
			defaultConfigurationName = Release;
		};
		596FBBB018BE2DB000367E4E /* Build configuration list for PBXNativeTarget "Vagiosity-Controller" */ = {
			isa = XCConfigurationList;
			buildConfigurations = (
				596FBBB118BE2DB000367E4E /* Debug */,
				596FBBB218BE2DB000367E4E /* Release */,
			);
			defaultConfigurationIsVisible = 0;
			defaultConfigurationName = Release;
		};
		596FBBB318BE2DB000367E4E /* Build configuration list for PBXNativeTarget "Vagiosity-ControllerTests" */ = {
			isa = XCConfigurationList;
			buildConfigurations = (
				596FBBB418BE2DB000367E4E /* Debug */,
				596FBBB518BE2DB000367E4E /* Release */,
			);
			defaultConfigurationIsVisible = 0;
			defaultConfigurationName = Release;
		};
/* End XCConfigurationList section */
	};
	rootObject = 596FBB7618BE2DB000367E4E /* Project object */;
}
